# This file was autogenerated by Stack.
# You should not edit this file by hand.
# For more information, please see the documentation at:
#   https://docs.haskellstack.org/en/stable/lock_files

packages:
- completed:
    hackage: barbies-th-0.1.9@sha256:a104bf15afcc88d229400314201fa33cd0c92e0300740791dc1c092c8e0f3246,1608
    pantry-tree:
      size: 656
      sha256: cfd83b359be3333b2a5fabf01cd0eaa8a7086538e56444eba8705141a8ccc8ce
  original:
    hackage: barbies-th-0.1.9@sha256:a104bf15afcc88d229400314201fa33cd0c92e0300740791dc1c092c8e0f3246,1608
- completed:
    hackage: optparse-declarative-0.4.2@sha256:2054a1489442744f1c93b7994a9d5600fc51a513290d9c27631aef24ffbddf21,1003
    pantry-tree:
      size: 631
      sha256: 48c3be228ed334034ed82a3257daadc40a55d5964b9db5cc34fceb9dbb04c9d1
  original:
    hackage: optparse-declarative-0.4.2@sha256:2054a1489442744f1c93b7994a9d5600fc51a513290d9c27631aef24ffbddf21,1003
snapshots:
- completed:
    size: 586110
    url: https://raw.githubusercontent.com/commercialhaskell/stackage-snapshots/master/lts/18/21.yaml
    sha256: ce4fb8d44f3c6c6032060a02e0ebb1bd29937c9a70101c1517b92a87d9515160
  original:
    url: https://raw.githubusercontent.com/commercialhaskell/stackage-snapshots/master/lts/18/21.yaml
